// !$*UTF8*$!
{
	archiveVersion = 1;
	classes = {
	};
	objectVersion = 48;
	objects = {

/* Begin PBXBuildFile section */
		252B9D876667CFCCFF920697 /* Pods_Smack.framework in Frameworks */ = {isa = PBXBuildFile; fileRef = 0E32C755B7328D88829CA16E /* Pods_Smack.framework */; };
		D09EACC62113850E00FB698D /* Constants.swift in Sources */ = {isa = PBXBuildFile; fileRef = D09EACC52113850E00FB698D /* Constants.swift */; };
		D09EACC82113937300FB698D /* LoginVC.swift in Sources */ = {isa = PBXBuildFile; fileRef = D09EACC72113937300FB698D /* LoginVC.swift */; };
		D0A38EDB211351C8003DC07B /* GradientView.swift in Sources */ = {isa = PBXBuildFile; fileRef = D0A38EDA211351C8003DC07B /* GradientView.swift */; };
		D0AEFABD210FBC6E000433D4 /* AppDelegate.swift in Sources */ = {isa = PBXBuildFile; fileRef = D0AEFABC210FBC6E000433D4 /* AppDelegate.swift */; };
		D0AEFAC2210FBC6E000433D4 /* Main.storyboard in Resources */ = {isa = PBXBuildFile; fileRef = D0AEFAC0210FBC6E000433D4 /* Main.storyboard */; };
		D0AEFAC4210FBC6E000433D4 /* Assets.xcassets in Resources */ = {isa = PBXBuildFile; fileRef = D0AEFAC3210FBC6E000433D4 /* Assets.xcassets */; };
		D0AEFAC7210FBC6E000433D4 /* LaunchScreen.storyboard in Resources */ = {isa = PBXBuildFile; fileRef = D0AEFAC5210FBC6E000433D4 /* LaunchScreen.storyboard */; };
		D0AEFAD2210FC5AF000433D4 /* SWRevealViewController.m in Sources */ = {isa = PBXBuildFile; fileRef = D0AEFAD0210FC5AF000433D4 /* SWRevealViewController.m */; };
		D0AEFAD7211123F4000433D4 /* ChatVC.swift in Sources */ = {isa = PBXBuildFile; fileRef = D0AEFAD6211123F4000433D4 /* ChatVC.swift */; };
		D0AEFAD921112402000433D4 /* ChannelVC.swift in Sources */ = {isa = PBXBuildFile; fileRef = D0AEFAD821112402000433D4 /* ChannelVC.swift */; };
/* End PBXBuildFile section */

/* Begin PBXFileReference section */
		0C3609D5210BE38D9FAD029E /* Pods-Smack.debug.xcconfig */ = {isa = PBXFileReference; includeInIndex = 1; lastKnownFileType = text.xcconfig; name = "Pods-Smack.debug.xcconfig"; path = "Pods/Target Support Files/Pods-Smack/Pods-Smack.debug.xcconfig"; sourceTree = "<group>"; };
		0E32C755B7328D88829CA16E /* Pods_Smack.framework */ = {isa = PBXFileReference; explicitFileType = wrapper.framework; includeInIndex = 0; path = Pods_Smack.framework; sourceTree = BUILT_PRODUCTS_DIR; };
		D09EACC52113850E00FB698D /* Constants.swift */ = {isa = PBXFileReference; lastKnownFileType = sourcecode.swift; path = Constants.swift; sourceTree = "<group>"; };
		D09EACC72113937300FB698D /* LoginVC.swift */ = {isa = PBXFileReference; lastKnownFileType = sourcecode.swift; path = LoginVC.swift; sourceTree = "<group>"; };
		D0A38EDA211351C8003DC07B /* GradientView.swift */ = {isa = PBXFileReference; lastKnownFileType = sourcecode.swift; path = GradientView.swift; sourceTree = "<group>"; };
		D0AEFAB9210FBC6E000433D4 /* Smack.app */ = {isa = PBXFileReference; explicitFileType = wrapper.application; includeInIndex = 0; path = Smack.app; sourceTree = BUILT_PRODUCTS_DIR; };
		D0AEFABC210FBC6E000433D4 /* AppDelegate.swift */ = {isa = PBXFileReference; lastKnownFileType = sourcecode.swift; path = AppDelegate.swift; sourceTree = "<group>"; };
		D0AEFAC1210FBC6E000433D4 /* Base */ = {isa = PBXFileReference; lastKnownFileType = file.storyboard; name = Base; path = Base.lproj/Main.storyboard; sourceTree = "<group>"; };
		D0AEFAC3210FBC6E000433D4 /* Assets.xcassets */ = {isa = PBXFileReference; lastKnownFileType = folder.assetcatalog; path = Assets.xcassets; sourceTree = "<group>"; };
		D0AEFAC6210FBC6E000433D4 /* Base */ = {isa = PBXFileReference; lastKnownFileType = file.storyboard; name = Base; path = Base.lproj/LaunchScreen.storyboard; sourceTree = "<group>"; };
		D0AEFAC8210FBC6E000433D4 /* Info.plist */ = {isa = PBXFileReference; lastKnownFileType = text.plist.xml; path = Info.plist; sourceTree = "<group>"; };
		D0AEFACF210FC5AE000433D4 /* Smack-Bridging-Header.h */ = {isa = PBXFileReference; lastKnownFileType = sourcecode.c.h; path = "Smack-Bridging-Header.h"; sourceTree = "<group>"; };
		D0AEFAD0210FC5AF000433D4 /* SWRevealViewController.m */ = {isa = PBXFileReference; fileEncoding = 4; lastKnownFileType = sourcecode.c.objc; name = SWRevealViewController.m; path = "../../../../../Downloads/Smack Assets/SWReveal/SWRevealViewController.m"; sourceTree = "<group>"; };
		D0AEFAD1210FC5AF000433D4 /* SWRevealViewController.h */ = {isa = PBXFileReference; fileEncoding = 4; lastKnownFileType = sourcecode.c.h; name = SWRevealViewController.h; path = "../../../../../Downloads/Smack Assets/SWReveal/SWRevealViewController.h"; sourceTree = "<group>"; };
		D0AEFAD6211123F4000433D4 /* ChatVC.swift */ = {isa = PBXFileReference; lastKnownFileType = sourcecode.swift; path = ChatVC.swift; sourceTree = "<group>"; };
		D0AEFAD821112402000433D4 /* ChannelVC.swift */ = {isa = PBXFileReference; lastKnownFileType = sourcecode.swift; path = ChannelVC.swift; sourceTree = "<group>"; };
		DA2844A70D659862D506DC6F /* Pods-Smack.release.xcconfig */ = {isa = PBXFileReference; includeInIndex = 1; lastKnownFileType = text.xcconfig; name = "Pods-Smack.release.xcconfig"; path = "Pods/Target Support Files/Pods-Smack/Pods-Smack.release.xcconfig"; sourceTree = "<group>"; };
/* End PBXFileReference section */

/* Begin PBXFrameworksBuildPhase section */
		D0AEFAB6210FBC6E000433D4 /* Frameworks */ = {
			isa = PBXFrameworksBuildPhase;
			buildActionMask = 2147483647;
			files = (
				252B9D876667CFCCFF920697 /* Pods_Smack.framework in Frameworks */,
			);
			runOnlyForDeploymentPostprocessing = 0;
		};
/* End PBXFrameworksBuildPhase section */

/* Begin PBXGroup section */
		8CD81E2F71EE5D65DA685EB5 /* Pods */ = {
			isa = PBXGroup;
			children = (
				0C3609D5210BE38D9FAD029E /* Pods-Smack.debug.xcconfig */,
				DA2844A70D659862D506DC6F /* Pods-Smack.release.xcconfig */,
			);
			name = Pods;
			sourceTree = "<group>";
		};
		9FAF5CDAD79B9AD45710343B /* Frameworks */ = {
			isa = PBXGroup;
			children = (
				0E32C755B7328D88829CA16E /* Pods_Smack.framework */,
			);
			name = Frameworks;
			sourceTree = "<group>";
		};
		D09EACC4211384FB00FB698D /* Utilities */ = {
			isa = PBXGroup;
			children = (
				D09EACC52113850E00FB698D /* Constants.swift */,
			);
			path = Utilities;
			sourceTree = "<group>";
		};
		D0AEFAB0210FBC6E000433D4 = {
			isa = PBXGroup;
			children = (
				D0AEFABB210FBC6E000433D4 /* Smack */,
				D0AEFABA210FBC6E000433D4 /* Products */,
				8CD81E2F71EE5D65DA685EB5 /* Pods */,
				9FAF5CDAD79B9AD45710343B /* Frameworks */,
			);
			sourceTree = "<group>";
		};
		D0AEFABA210FBC6E000433D4 /* Products */ = {
			isa = PBXGroup;
			children = (
				D0AEFAB9210FBC6E000433D4 /* Smack.app */,
			);
			name = Products;
			sourceTree = "<group>";
		};
		D0AEFABB210FBC6E000433D4 /* Smack */ = {
			isa = PBXGroup;
			children = (
				D09EACC4211384FB00FB698D /* Utilities */,
				D0AEFAD5211123CD000433D4 /* Model */,
				D0AEFAD4211123C7000433D4 /* View */,
				D0AEFAD3211123C0000433D4 /* Controller */,
				D0AEFACE210FC558000433D4 /* Supporting Files */,
				D0AEFABC210FBC6E000433D4 /* AppDelegate.swift */,
				D0AEFAC0210FBC6E000433D4 /* Main.storyboard */,
				D0AEFAC3210FBC6E000433D4 /* Assets.xcassets */,
				D0AEFAC5210FBC6E000433D4 /* LaunchScreen.storyboard */,
				D0AEFAC8210FBC6E000433D4 /* Info.plist */,
			);
			path = Smack;
			sourceTree = "<group>";
		};
		D0AEFACE210FC558000433D4 /* Supporting Files */ = {
			isa = PBXGroup;
			children = (
				D0AEFAD1210FC5AF000433D4 /* SWRevealViewController.h */,
				D0AEFAD0210FC5AF000433D4 /* SWRevealViewController.m */,
				D0AEFACF210FC5AE000433D4 /* Smack-Bridging-Header.h */,
			);
			path = "Supporting Files";
			sourceTree = "<group>";
		};
		D0AEFAD3211123C0000433D4 /* Controller */ = {
			isa = PBXGroup;
			children = (
				D0AEFAD6211123F4000433D4 /* ChatVC.swift */,
				D0AEFAD821112402000433D4 /* ChannelVC.swift */,
			);
			path = Controller;
			sourceTree = "<group>";
		};
		D0AEFAD4211123C7000433D4 /* View */ = {
			isa = PBXGroup;
			children = (
				D0A38EDA211351C8003DC07B /* GradientView.swift */,
				D09EACC72113937300FB698D /* LoginVC.swift */,
			);
			path = View;
			sourceTree = "<group>";
		};
		D0AEFAD5211123CD000433D4 /* Model */ = {
			isa = PBXGroup;
			children = (
			);
			path = Model;
			sourceTree = "<group>";
		};
/* End PBXGroup section */

/* Begin PBXNativeTarget section */
		D0AEFAB8210FBC6E000433D4 /* Smack */ = {
			isa = PBXNativeTarget;
			buildConfigurationList = D0AEFACB210FBC6E000433D4 /* Build configuration list for PBXNativeTarget "Smack" */;
			buildPhases = (
				FB61D56AD84AE5F1C14E130B /* [CP] Check Pods Manifest.lock */,
				D0AEFAB5210FBC6E000433D4 /* Sources */,
				D0AEFAB6210FBC6E000433D4 /* Frameworks */,
				D0AEFAB7210FBC6E000433D4 /* Resources */,
				10580DF922052DB4EC731DC9 /* [CP] Embed Pods Frameworks */,
			);
			buildRules = (
			);
			dependencies = (
			);
			name = Smack;
			productName = Smack;
			productReference = D0AEFAB9210FBC6E000433D4 /* Smack.app */;
			productType = "com.apple.product-type.application";
		};
/* End PBXNativeTarget section */

/* Begin PBXProject section */
		D0AEFAB1210FBC6E000433D4 /* Project object */ = {
			isa = PBXProject;
			attributes = {
				LastSwiftUpdateCheck = 0920;
				LastUpgradeCheck = 0920;
				ORGANIZATIONNAME = "Sam McKay";
				TargetAttributes = {
					D0AEFAB8210FBC6E000433D4 = {
						CreatedOnToolsVersion = 9.2;
						LastSwiftMigration = 0920;
						ProvisioningStyle = Automatic;
					};
				};
			};
			buildConfigurationList = D0AEFAB4210FBC6E000433D4 /* Build configuration list for PBXProject "Smack" */;
			compatibilityVersion = "Xcode 8.0";
			developmentRegion = en;
			hasScannedForEncodings = 0;
			knownRegions = (
				en,
				Base,
			);
			mainGroup = D0AEFAB0210FBC6E000433D4;
			productRefGroup = D0AEFABA210FBC6E000433D4 /* Products */;
			projectDirPath = "";
			projectRoot = "";
			targets = (
				D0AEFAB8210FBC6E000433D4 /* Smack */,
			);
		};
/* End PBXProject section */

/* Begin PBXResourcesBuildPhase section */
		D0AEFAB7210FBC6E000433D4 /* Resources */ = {
			isa = PBXResourcesBuildPhase;
			buildActionMask = 2147483647;
			files = (
				D0AEFAC7210FBC6E000433D4 /* LaunchScreen.storyboard in Resources */,
				D0AEFAC4210FBC6E000433D4 /* Assets.xcassets in Resources */,
				D0AEFAC2210FBC6E000433D4 /* Main.storyboard in Resources */,
			);
			runOnlyForDeploymentPostprocessing = 0;
		};
/* End PBXResourcesBuildPhase section */

/* Begin PBXShellScriptBuildPhase section */
		10580DF922052DB4EC731DC9 /* [CP] Embed Pods Frameworks */ = {
			isa = PBXShellScriptBuildPhase;
			buildActionMask = 2147483647;
			files = (
			);
			inputPaths = (
				"${SRCROOT}/Pods/Target Support Files/Pods-Smack/Pods-Smack-frameworks.sh",
				"${BUILT_PRODUCTS_DIR}/Alamofire/Alamofire.framework",
				"${BUILT_PRODUCTS_DIR}/Socket.IO-Client-Swift/SocketIO.framework",
				"${BUILT_PRODUCTS_DIR}/Starscream/Starscream.framework",
				"${BUILT_PRODUCTS_DIR}/SwiftyJSON/SwiftyJSON.framework",
			);
			name = "[CP] Embed Pods Frameworks";
			outputPaths = (
				"${TARGET_BUILD_DIR}/${FRAMEWORKS_FOLDER_PATH}/Alamofire.framework",
				"${TARGET_BUILD_DIR}/${FRAMEWORKS_FOLDER_PATH}/SocketIO.framework",
				"${TARGET_BUILD_DIR}/${FRAMEWORKS_FOLDER_PATH}/Starscream.framework",
				"${TARGET_BUILD_DIR}/${FRAMEWORKS_FOLDER_PATH}/SwiftyJSON.framework",
			);
			runOnlyForDeploymentPostprocessing = 0;
			shellPath = /bin/sh;
			shellScript = "\"${SRCROOT}/Pods/Target Support Files/Pods-Smack/Pods-Smack-frameworks.sh\"\n";
			showEnvVarsInLog = 0;
		};
		FB61D56AD84AE5F1C14E130B /* [CP] Check Pods Manifest.lock */ = {
			isa = PBXShellScriptBuildPhase;
			buildActionMask = 2147483647;
			files = (
			);
			inputPaths = (
				"${PODS_PODFILE_DIR_PATH}/Podfile.lock",
				"${PODS_ROOT}/Manifest.lock",
			);
			name = "[CP] Check Pods Manifest.lock";
			outputPaths = (
				"$(DERIVED_FILE_DIR)/Pods-Smack-checkManifestLockResult.txt",
			);
			runOnlyForDeploymentPostprocessing = 0;
			shellPath = /bin/sh;
			shellScript = "diff \"${PODS_PODFILE_DIR_PATH}/Podfile.lock\" \"${PODS_ROOT}/Manifest.lock\" > /dev/null\nif [ $? != 0 ] ; then\n    # print error to STDERR\n    echo \"error: The sandbox is not in sync with the Podfile.lock. Run 'pod install' or update your CocoaPods installation.\" >&2\n    exit 1\nfi\n# This output is used by Xcode 'outputs' to avoid re-running this script phase.\necho \"SUCCESS\" > \"${SCRIPT_OUTPUT_FILE_0}\"\n";
			showEnvVarsInLog = 0;
		};
/* End PBXShellScriptBuildPhase section */

/* Begin PBXSourcesBuildPhase section */
		D0AEFAB5210FBC6E000433D4 /* Sources */ = {
			isa = PBXSourcesBuildPhase;
			buildActionMask = 2147483647;
			files = (
				D0AEFAD921112402000433D4 /* ChannelVC.swift in Sources */,
				D0AEFAD7211123F4000433D4 /* ChatVC.swift in Sources */,
				D09EACC82113937300FB698D /* LoginVC.swift in Sources */,
				D0A38EDB211351C8003DC07B /* GradientView.swift in Sources */,
				D0AEFABD210FBC6E000433D4 /* AppDelegate.swift in Sources */,
				D0AEFAD2210FC5AF000433D4 /* SWRevealViewController.m in Sources */,
				D09EACC62113850E00FB698D /* Constants.swift in Sources */,
			);
			runOnlyForDeploymentPostprocessing = 0;
		};
/* End PBXSourcesBuildPhase section */

/* Begin PBXVariantGroup section */
		D0AEFAC0210FBC6E000433D4 /* Main.storyboard */ = {
			isa = PBXVariantGroup;
			children = (
				D0AEFAC1210FBC6E000433D4 /* Base */,
			);
			name = Main.storyboard;
			sourceTree = "<group>";
		};
		D0AEFAC5210FBC6E000433D4 /* LaunchScreen.storyboard */ = {
			isa = PBXVariantGroup;
			children = (
				D0AEFAC6210FBC6E000433D4 /* Base */,
			);
			name = LaunchScreen.storyboard;
			sourceTree = "<group>";
		};
/* End PBXVariantGroup section */

/* Begin XCBuildConfiguration section */
		D0AEFAC9210FBC6E000433D4 /* Debug */ = {
			isa = XCBuildConfiguration;
			buildSettings = {
				ALWAYS_SEARCH_USER_PATHS = NO;
				CLANG_ANALYZER_NONNULL = YES;
				CLANG_ANALYZER_NUMBER_OBJECT_CONVERSION = YES_AGGRESSIVE;
				CLANG_CXX_LANGUAGE_STANDARD = "gnu++14";
				CLANG_CXX_LIBRARY = "libc++";
				CLANG_ENABLE_MODULES = YES;
				CLANG_ENABLE_OBJC_ARC = YES;
				CLANG_WARN_BLOCK_CAPTURE_AUTORELEASING = YES;
				CLANG_WARN_BOOL_CONVERSION = YES;
				CLANG_WARN_COMMA = YES;
				CLANG_WARN_CONSTANT_CONVERSION = YES;
				CLANG_WARN_DIRECT_OBJC_ISA_USAGE = YES_ERROR;
				CLANG_WARN_DOCUMENTATION_COMMENTS = YES;
				CLANG_WARN_EMPTY_BODY = YES;
				CLANG_WARN_ENUM_CONVERSION = YES;
				CLANG_WARN_INFINITE_RECURSION = YES;
				CLANG_WARN_INT_CONVERSION = YES;
				CLANG_WARN_NON_LITERAL_NULL_CONVERSION = YES;
				CLANG_WARN_OBJC_LITERAL_CONVERSION = YES;
				CLANG_WARN_OBJC_ROOT_CLASS = YES_ERROR;
				CLANG_WARN_RANGE_LOOP_ANALYSIS = YES;
				CLANG_WARN_STRICT_PROTOTYPES = YES;
				CLANG_WARN_SUSPICIOUS_MOVE = YES;
				CLANG_WARN_UNGUARDED_AVAILABILITY = YES_AGGRESSIVE;
				CLANG_WARN_UNREACHABLE_CODE = YES;
				CLANG_WARN__DUPLICATE_METHOD_MATCH = YES;
				CODE_SIGN_IDENTITY = "iPhone Developer";
				COPY_PHASE_STRIP = NO;
				DEBUG_INFORMATION_FORMAT = dwarf;
				ENABLE_STRICT_OBJC_MSGSEND = YES;
				ENABLE_TESTABILITY = YES;
				GCC_C_LANGUAGE_STANDARD = gnu11;
				GCC_DYNAMIC_NO_PIC = NO;
				GCC_NO_COMMON_BLOCKS = YES;
				GCC_OPTIMIZATION_LEVEL = 0;
				GCC_PREPROCESSOR_DEFINITIONS = (
					"DEBUG=1",
					"$(inherited)",
				);
				GCC_WARN_64_TO_32_BIT_CONVERSION = YES;
				GCC_WARN_ABOUT_RETURN_TYPE = YES_ERROR;
				GCC_WARN_UNDECLARED_SELECTOR = YES;
				GCC_WARN_UNINITIALIZED_AUTOS = YES_AGGRESSIVE;
				GCC_WARN_UNUSED_FUNCTION = YES;
				GCC_WARN_UNUSED_VARIABLE = YES;
				IPHONEOS_DEPLOYMENT_TARGET = 11.2;
				MTL_ENABLE_DEBUG_INFO = YES;
				ONLY_ACTIVE_ARCH = YES;
				SDKROOT = iphoneos;
				SWIFT_ACTIVE_COMPILATION_CONDITIONS = DEBUG;
				SWIFT_OPTIMIZATION_LEVEL = "-Onone";
			};
			name = Debug;
		};
		D0AEFACA210FBC6E000433D4 /* Release */ = {
			isa = XCBuildConfiguration;
			buildSettings = {
				ALWAYS_SEARCH_USER_PATHS = NO;
				CLANG_ANALYZER_NONNULL = YES;
				CLANG_ANALYZER_NUMBER_OBJECT_CONVERSION = YES_AGGRESSIVE;
				CLANG_CXX_LANGUAGE_STANDARD = "gnu++14";
				CLANG_CXX_LIBRARY = "libc++";
				CLANG_ENABLE_MODULES = YES;
				CLANG_ENABLE_OBJC_ARC = YES;
				CLANG_WARN_BLOCK_CAPTURE_AUTORELEASING = YES;
				CLANG_WARN_BOOL_CONVERSION = YES;
				CLANG_WARN_COMMA = YES;
				CLANG_WARN_CONSTANT_CONVERSION = YES;
				CLANG_WARN_DIRECT_OBJC_ISA_USAGE = YES_ERROR;
				CLANG_WARN_DOCUMENTATION_COMMENTS = YES;
				CLANG_WARN_EMPTY_BODY = YES;
				CLANG_WARN_ENUM_CONVERSION = YES;
				CLANG_WARN_INFINITE_RECURSION = YES;
				CLANG_WARN_INT_CONVERSION = YES;
				CLANG_WARN_NON_LITERAL_NULL_CONVERSION = YES;
				CLANG_WARN_OBJC_LITERAL_CONVERSION = YES;
				CLANG_WARN_OBJC_ROOT_CLASS = YES_ERROR;
				CLANG_WARN_RANGE_LOOP_ANALYSIS = YES;
				CLANG_WARN_STRICT_PROTOTYPES = YES;
				CLANG_WARN_SUSPICIOUS_MOVE = YES;
				CLANG_WARN_UNGUARDED_AVAILABILITY = YES_AGGRESSIVE;
				CLANG_WARN_UNREACHABLE_CODE = YES;
				CLANG_WARN__DUPLICATE_METHOD_MATCH = YES;
				CODE_SIGN_IDENTITY = "iPhone Developer";
				COPY_PHASE_STRIP = NO;
				DEBUG_INFORMATION_FORMAT = "dwarf-with-dsym";
				ENABLE_NS_ASSERTIONS = NO;
				ENABLE_STRICT_OBJC_MSGSEND = YES;
				GCC_C_LANGUAGE_STANDARD = gnu11;
				GCC_NO_COMMON_BLOCKS = YES;
				GCC_WARN_64_TO_32_BIT_CONVERSION = YES;
				GCC_WARN_ABOUT_RETURN_TYPE = YES_ERROR;
				GCC_WARN_UNDECLARED_SELECTOR = YES;
				GCC_WARN_UNINITIALIZED_AUTOS = YES_AGGRESSIVE;
				GCC_WARN_UNUSED_FUNCTION = YES;
				GCC_WARN_UNUSED_VARIABLE = YES;
				IPHONEOS_DEPLOYMENT_TARGET = 11.2;
				MTL_ENABLE_DEBUG_INFO = NO;
				SDKROOT = iphoneos;
				SWIFT_OPTIMIZATION_LEVEL = "-Owholemodule";
				VALIDATE_PRODUCT = YES;
			};
			name = Release;
		};
		D0AEFACC210FBC6E000433D4 /* Debug */ = {
			isa = XCBuildConfiguration;
			baseConfigurationReference = 0C3609D5210BE38D9FAD029E /* Pods-Smack.debug.xcconfig */;
			buildSettings = {
				ASSETCATALOG_COMPILER_APPICON_NAME = AppIcon;
				CLANG_ENABLE_MODULES = YES;
				CODE_SIGN_STYLE = Automatic;
				INFOPLIST_FILE = Smack/Info.plist;
				LD_RUNPATH_SEARCH_PATHS = "$(inherited) @executable_path/Frameworks";
				PRODUCT_BUNDLE_IDENTIFIER = Sam.Smack;
				PRODUCT_NAME = "$(TARGET_NAME)";
				SWIFT_OBJC_BRIDGING_HEADER = "Smack/Supporting Files/Smack-Bridging-Header.h";
				SWIFT_OPTIMIZATION_LEVEL = "-Onone";
				SWIFT_VERSION = 4.0;
				TARGETED_DEVICE_FAMILY = "1,2";
			};
			name = Debug;
		};
		D0AEFACD210FBC6E000433D4 /* Release */ = {
			isa = XCBuildConfiguration;
			baseConfigurationReference = DA2844A70D659862D506DC6F /* Pods-Smack.release.xcconfig */;
			buildSettings = {
				ASSETCATALOG_COMPILER_APPICON_NAME = AppIcon;
				CLANG_ENABLE_MODULES = YES;
				CODE_SIGN_STYLE = Automatic;
				INFOPLIST_FILE = Smack/Info.plist;
				LD_RUNPATH_SEARCH_PATHS = "$(inherited) @executable_path/Frameworks";
				PRODUCT_BUNDLE_IDENTIFIER = Sam.Smack;
				PRODUCT_NAME = "$(TARGET_NAME)";
				SWIFT_OBJC_BRIDGING_HEADER = "Smack/Supporting Files/Smack-Bridging-Header.h";
				SWIFT_VERSION = 4.0;
				TARGETED_DEVICE_FAMILY = "1,2";
			};
			name = Release;
		};
/* End XCBuildConfiguration section */

/* Begin XCConfigurationList section */
		D0AEFAB4210FBC6E000433D4 /* Build configuration list for PBXProject "Smack" */ = {
			isa = XCConfigurationList;
			buildConfigurations = (
				D0AEFAC9210FBC6E000433D4 /* Debug */,
				D0AEFACA210FBC6E000433D4 /* Release */,
			);
			defaultConfigurationIsVisible = 0;
			defaultConfigurationName = Release;
		};
		D0AEFACB210FBC6E000433D4 /* Build configuration list for PBXNativeTarget "Smack" */ = {
			isa = XCConfigurationList;
			buildConfigurations = (
				D0AEFACC210FBC6E000433D4 /* Debug */,
				D0AEFACD210FBC6E000433D4 /* Release */,
			);
			defaultConfigurationIsVisible = 0;
			defaultConfigurationName = Release;
		};
/* End XCConfigurationList section */
	};
	rootObject = D0AEFAB1210FBC6E000433D4 /* Project object */;
}
